Microsoft Visual Studio Solution File, Format Version 12.00
# Visual Studio 15
VisualStudioVersion = 15.0.26124.0
MinimumVisualStudioVersion = 15.0.26124.0
Project("{9A19103F-16F7-4668-BE54-9A1E7A4F7556}") = "WebSocket-Lib", "WebSocket-Lib\WebSocket-Lib.csproj", "{1B941F46-44B2-4031-A82E-3A05384B74F6}"
EndProject
Project("{9A19103F-16F7-4668-BE54-9A1E7A4F7556}") = "ServerLib.Tests", "WebSocket-Lib.Tests\ServerLib.Tests\ServerLib.Tests.csproj", "{32E1AD0D-EECE-47FF-B1AA-93469FA93934}"
EndProject
Global
	GlobalSection(SolutionConfigurationPlatforms) = preSolution
		Debug|Any CPU = Debug|Any CPU
		Debug|x64 = Debug|x64
		Debug|x86 = Debug|x86
		Release|Any CPU = Release|Any CPU
		Release|x64 = Release|x64
		Release|x86 = Release|x86
	EndGlobalSection
	GlobalSection(ProjectConfigurationPlatforms) = postSolution
		{1B941F46-44B2-4031-A82E-3A05384B74F6}.Debug|Any CPU.ActiveCfg = Debug|Any CPU
		{1B941F46-44B2-4031-A82E-3A05384B74F6}.Debug|Any CPU.Build.0 = Debug|Any CPU
		{1B941F46-44B2-4031-A82E-3A05384B74F6}.Debug|x64.ActiveCfg = Debug|Any CPU
		{1B941F46-44B2-4031-A82E-3A05384B74F6}.Debug|x64.Build.0 = Debug|Any CPU
		{1B941F46-44B2-4031-A82E-3A05384B74F6}.Debug|x86.ActiveCfg = Debug|Any CPU
		{1B941F46-44B2-4031-A82E-3A05384B74F6}.Debug|x86.Build.0 = Debug|Any CPU
		{1B941F46-44B2-4031-A82E-3A05384B74F6}.Release|Any CPU.ActiveCfg = Release|Any CPU
		{1B941F46-44B2-4031-A82E-3A05384B74F6}.Release|Any CPU.Build.0 = Release|Any CPU
		{1B941F46-44B2-4031-A82E-3A05384B74F6}.Release|x64.ActiveCfg = Release|Any CPU
		{1B941F46-44B2-4031-A82E-3A05384B74F6}.Release|x64.Build.0 = Release|Any CPU
		{1B941F46-44B2-4031-A82E-3A05384B74F6}.Release|x86.ActiveCfg = Release|Any CPU
		{1B941F46-44B2-4031-A82E-3A05384B74F6}.Release|x86.Build.0 = Release|Any CPU
		{32E1AD0D-EECE-47FF-B1AA-93469FA93934}.Debug|Any CPU.ActiveCfg = Debug|Any CPU
		{32E1AD0D-EECE-47FF-B1AA-93469FA93934}.Debug|Any CPU.Build.0 = Debug|Any CPU
		{32E1AD0D-EECE-47FF-B1AA-93469FA93934}.Debug|x64.ActiveCfg = Debug|Any CPU
		{32E1AD0D-EECE-47FF-B1AA-93469FA93934}.Debug|x64.Build.0 = Debug|Any CPU
		{32E1AD0D-EECE-47FF-B1AA-93469FA93934}.Debug|x86.ActiveCfg = Debug|Any CPU
		{32E1AD0D-EECE-47FF-B1AA-93469FA93934}.Debug|x86.Build.0 = Debug|Any CPU
		{32E1AD0D-EECE-47FF-B1AA-93469FA93934}.Release|Any CPU.ActiveCfg = Release|Any CPU
		{32E1AD0D-EECE-47FF-B1AA-93469FA93934}.Release|Any CPU.Build.0 = Release|Any CPU
		{32E1AD0D-EECE-47FF-B1AA-93469FA93934}.Release|x64.ActiveCfg = Release|Any CPU
		{32E1AD0D-EECE-47FF-B1AA-93469FA93934}.Release|x64.Build.0 = Release|Any CPU
		{32E1AD0D-EECE-47FF-B1AA-93469FA93934}.Release|x86.ActiveCfg = Release|Any CPU
		{32E1AD0D-EECE-47FF-B1AA-93469FA93934}.Release|x86.Build.0 = Release|Any CPU
	EndGlobalSection
	GlobalSection(SolutionProperties) = preSolution
		HideSolutionNode = FALSE
	EndGlobalSection
	GlobalSection(ExtensibilityGlobals) = postSolution
		SolutionGuid = {6EA45D57-15C9-4CBB-8A32-AB4A79704644}
	EndGlobalSection
EndGlobal
